{
  "nodes": {
    "nixos-hardware": {
      "locked": {
        "lastModified": 1730919458,
        "narHash": "sha256-yMO0T0QJlmT/x4HEyvrCyigGrdYfIXX3e5gWqB64wLg=",
        "owner": "nixos",
        "repo": "nixos-hardware",
        "rev": "e1cc1f6483393634aee94514186d21a4871e78d7",
        "type": "github"
      },
      "original": {
        "owner": "nixos",
        "repo": "nixos-hardware",
        "type": "github"
      }
    },
    "nixpkgs": {
      "locked": {
        "lastModified": 1730785428,
        "narHash": "sha256-Zwl8YgTVJTEum+L+0zVAWvXAGbWAuXHax3KzuejaDyo=",
        "owner": "NixOS",
        "repo": "nixpkgs",
        "rev": "4aa36568d413aca0ea84a1684d2d46f55dbabad7",
        "type": "github"
      },
      "original": {
        "id": "nixpkgs",
        "ref": "nixos-unstable",
        "type": "indirect"
      }
    },
    "root": {
      "inputs": {
        "nixos-hardware": "nixos-hardware",
        "nixpkgs": "nixpkgs"
      }
    }
  },
  "root": "root",
  "version": 7
}
